{
  "name": "borrame",
  "version": "1.0.0",
  "lockfileVersion": 3,
  "requires": true,
  "packages": {
    "": {
      "name": "borrame",
      "version": "1.0.0",
      "license": "ISC",
      "dependencies": {
        "myjsunit": "github:rudymartinb2/myjsunit"
      }
    },
    "node_modules/myjsunit": {
      "version": "1.0.0",
      "resolved": "git+ssh://git@github.com/rudymartinb2/myjsunit.git#4fd3942bdfac923063b28837b2dd7b476b9a6b1d",
      "license": "MIT"
    }
  }
}
